// !$*UTF8*$!
{
	archiveVersion = 1;
	classes = {
	};
	objectVersion = 46;
	objects = {

/* Begin PBXBuildFile section */
		D5C1546F1D38E1FA0031D264 /* main.m in Sources */ = {isa = PBXBuildFile; fileRef = D5C1546E1D38E1FA0031D264 /* main.m */; };
		D5C154721D38E1FA0031D264 /* AppDelegate.m in Sources */ = {isa = PBXBuildFile; fileRef = D5C154711D38E1FA0031D264 /* AppDelegate.m */; };
		D5C154751D38E1FA0031D264 /* ViewController.m in Sources */ = {isa = PBXBuildFile; fileRef = D5C154741D38E1FA0031D264 /* ViewController.m */; };
		D5C154781D38E1FA0031D264 /* Main.storyboard in Resources */ = {isa = PBXBuildFile; fileRef = D5C154761D38E1FA0031D264 /* Main.storyboard */; };
		D5C1547A1D38E1FA0031D264 /* Assets.xcassets in Resources */ = {isa = PBXBuildFile; fileRef = D5C154791D38E1FA0031D264 /* Assets.xcassets */; };
		D5C1547D1D38E1FA0031D264 /* LaunchScreen.storyboard in Resources */ = {isa = PBXBuildFile; fileRef = D5C1547B1D38E1FA0031D264 /* LaunchScreen.storyboard */; };
		D5C154881D38E1FA0031D264 /* _0160715004_Thread_Singleton4_NoGCD_Tests.m in Sources */ = {isa = PBXBuildFile; fileRef = D5C154871D38E1FA0031D264 /* _0160715004_Thread_Singleton4_NoGCD_Tests.m */; };
		D5C154931D38E1FA0031D264 /* _0160715004_Thread_Singleton4_NoGCD_UITests.m in Sources */ = {isa = PBXBuildFile; fileRef = D5C154921D38E1FA0031D264 /* _0160715004_Thread_Singleton4_NoGCD_UITests.m */; };
		D5C154A21D38E2150031D264 /* RYPerson.m in Sources */ = {isa = PBXBuildFile; fileRef = D5C154A11D38E2150031D264 /* RYPerson.m */; };
/* End PBXBuildFile section */

/* Begin PBXContainerItemProxy section */
		D5C154841D38E1FA0031D264 /* PBXContainerItemProxy */ = {
			isa = PBXContainerItemProxy;
			containerPortal = D5C154621D38E1FA0031D264 /* Project object */;
			proxyType = 1;
			remoteGlobalIDString = D5C154691D38E1FA0031D264;
			remoteInfo = "20160715004-Thread-Singleton4(NoGCD)";
		};
		D5C1548F1D38E1FA0031D264 /* PBXContainerItemProxy */ = {
			isa = PBXContainerItemProxy;
			containerPortal = D5C154621D38E1FA0031D264 /* Project object */;
			proxyType = 1;
			remoteGlobalIDString = D5C154691D38E1FA0031D264;
			remoteInfo = "20160715004-Thread-Singleton4(NoGCD)";
		};
/* End PBXContainerItemProxy section */

/* Begin PBXFileReference section */
		D5C1546A1D38E1FA0031D264 /* 20160715004-Thread-Singleton4(NoGCD).app */ = {isa = PBXFileReference; explicitFileType = wrapper.application; includeInIndex = 0; path = "20160715004-Thread-Singleton4(NoGCD).app"; sourceTree = BUILT_PRODUCTS_DIR; };
		D5C1546E1D38E1FA0031D264 /* main.m */ = {isa = PBXFileReference; lastKnownFileType = sourcecode.c.objc; path = main.m; sourceTree = "<group>"; };
		D5C154701D38E1FA0031D264 /* AppDelegate.h */ = {isa = PBXFileReference; lastKnownFileType = sourcecode.c.h; path = AppDelegate.h; sourceTree = "<group>"; };
		D5C154711D38E1FA0031D264 /* AppDelegate.m */ = {isa = PBXFileReference; lastKnownFileType = sourcecode.c.objc; path = AppDelegate.m; sourceTree = "<group>"; };
		D5C154731D38E1FA0031D264 /* ViewController.h */ = {isa = PBXFileReference; lastKnownFileType = sourcecode.c.h; path = ViewController.h; sourceTree = "<group>"; };
		D5C154741D38E1FA0031D264 /* ViewController.m */ = {isa = PBXFileReference; lastKnownFileType = sourcecode.c.objc; path = ViewController.m; sourceTree = "<group>"; };
		D5C154771D38E1FA0031D264 /* Base */ = {isa = PBXFileReference; lastKnownFileType = file.storyboard; name = Base; path = Base.lproj/Main.storyboard; sourceTree = "<group>"; };
		D5C154791D38E1FA0031D264 /* Assets.xcassets */ = {isa = PBXFileReference; lastKnownFileType = folder.assetcatalog; path = Assets.xcassets; sourceTree = "<group>"; };
		D5C1547C1D38E1FA0031D264 /* Base */ = {isa = PBXFileReference; lastKnownFileType = file.storyboard; name = Base; path = Base.lproj/LaunchScreen.storyboard; sourceTree = "<group>"; };
		D5C1547E1D38E1FA0031D264 /* Info.plist */ = {isa = PBXFileReference; lastKnownFileType = text.plist.xml; path = Info.plist; sourceTree = "<group>"; };
		D5C154831D38E1FA0031D264 /* 20160715004-Thread-Singleton4(NoGCD)Tests.xctest */ = {isa = PBXFileReference; explicitFileType = wrapper.cfbundle; includeInIndex = 0; path = "20160715004-Thread-Singleton4(NoGCD)Tests.xctest"; sourceTree = BUILT_PRODUCTS_DIR; };
		D5C154871D38E1FA0031D264 /* _0160715004_Thread_Singleton4_NoGCD_Tests.m */ = {isa = PBXFileReference; lastKnownFileType = sourcecode.c.objc; path = _0160715004_Thread_Singleton4_NoGCD_Tests.m; sourceTree = "<group>"; };
		D5C154891D38E1FA0031D264 /* Info.plist */ = {isa = PBXFileReference; lastKnownFileType = text.plist.xml; path = Info.plist; sourceTree = "<group>"; };
		D5C1548E1D38E1FA0031D264 /* 20160715004-Thread-Singleton4(NoGCD)UITests.xctest */ = {isa = PBXFileReference; explicitFileType = wrapper.cfbundle; includeInIndex = 0; path = "20160715004-Thread-Singleton4(NoGCD)UITests.xctest"; sourceTree = BUILT_PRODUCTS_DIR; };
		D5C154921D38E1FA0031D264 /* _0160715004_Thread_Singleton4_NoGCD_UITests.m */ = {isa = PBXFileReference; lastKnownFileType = sourcecode.c.objc; path = _0160715004_Thread_Singleton4_NoGCD_UITests.m; sourceTree = "<group>"; };
		D5C154941D38E1FA0031D264 /* Info.plist */ = {isa = PBXFileReference; lastKnownFileType = text.plist.xml; path = Info.plist; sourceTree = "<group>"; };
		D5C154A01D38E2150031D264 /* RYPerson.h */ = {isa = PBXFileReference; fileEncoding = 4; lastKnownFileType = sourcecode.c.h; path = RYPerson.h; sourceTree = "<group>"; };
		D5C154A11D38E2150031D264 /* RYPerson.m */ = {isa = PBXFileReference; fileEncoding = 4; lastKnownFileType = sourcecode.c.objc; path = RYPerson.m; sourceTree = "<group>"; };
/* End PBXFileReference section */

/* Begin PBXFrameworksBuildPhase section */
		D5C154671D38E1FA0031D264 /* Frameworks */ = {
			isa = PBXFrameworksBuildPhase;
			buildActionMask = 2147483647;
			files = (
			);
			runOnlyForDeploymentPostprocessing = 0;
		};
		D5C154801D38E1FA0031D264 /* Frameworks */ = {
			isa = PBXFrameworksBuildPhase;
			buildActionMask = 2147483647;
			files = (
			);
			runOnlyForDeploymentPostprocessing = 0;
		};
		D5C1548B1D38E1FA0031D264 /* Frameworks */ = {
			isa = PBXFrameworksBuildPhase;
			buildActionMask = 2147483647;
			files = (
			);
			runOnlyForDeploymentPostprocessing = 0;
		};
/* End PBXFrameworksBuildPhase section */

/* Begin PBXGroup section */
		D5C154611D38E1FA0031D264 = {
			isa = PBXGroup;
			children = (
				D5C1546C1D38E1FA0031D264 /* 20160715004-Thread-Singleton4(NoGCD) */,
				D5C154861D38E1FA0031D264 /* 20160715004-Thread-Singleton4(NoGCD)Tests */,
				D5C154911D38E1FA0031D264 /* 20160715004-Thread-Singleton4(NoGCD)UITests */,
				D5C1546B1D38E1FA0031D264 /* Products */,
			);
			sourceTree = "<group>";
		};
		D5C1546B1D38E1FA0031D264 /* Products */ = {
			isa = PBXGroup;
			children = (
				D5C1546A1D38E1FA0031D264 /* 20160715004-Thread-Singleton4(NoGCD).app */,
				D5C154831D38E1FA0031D264 /* 20160715004-Thread-Singleton4(NoGCD)Tests.xctest */,
				D5C1548E1D38E1FA0031D264 /* 20160715004-Thread-Singleton4(NoGCD)UITests.xctest */,
			);
			name = Products;
			sourceTree = "<group>";
		};
		D5C1546C1D38E1FA0031D264 /* 20160715004-Thread-Singleton4(NoGCD) */ = {
			isa = PBXGroup;
			children = (
				D5C154701D38E1FA0031D264 /* AppDelegate.h */,
				D5C154711D38E1FA0031D264 /* AppDelegate.m */,
				D5C154731D38E1FA0031D264 /* ViewController.h */,
				D5C154741D38E1FA0031D264 /* ViewController.m */,
				D5C154A01D38E2150031D264 /* RYPerson.h */,
				D5C154A11D38E2150031D264 /* RYPerson.m */,
				D5C154761D38E1FA0031D264 /* Main.storyboard */,
				D5C154791D38E1FA0031D264 /* Assets.xcassets */,
				D5C1547B1D38E1FA0031D264 /* LaunchScreen.storyboard */,
				D5C1547E1D38E1FA0031D264 /* Info.plist */,
				D5C1546D1D38E1FA0031D264 /* Supporting Files */,
			);
			path = "20160715004-Thread-Singleton4(NoGCD)";
			sourceTree = "<group>";
		};
		D5C1546D1D38E1FA0031D264 /* Supporting Files */ = {
			isa = PBXGroup;
			children = (
				D5C1546E1D38E1FA0031D264 /* main.m */,
			);
			name = "Supporting Files";
			sourceTree = "<group>";
		};
		D5C154861D38E1FA0031D264 /* 20160715004-Thread-Singleton4(NoGCD)Tests */ = {
			isa = PBXGroup;
			children = (
				D5C154871D38E1FA0031D264 /* _0160715004_Thread_Singleton4_NoGCD_Tests.m */,
				D5C154891D38E1FA0031D264 /* Info.plist */,
			);
			path = "20160715004-Thread-Singleton4(NoGCD)Tests";
			sourceTree = "<group>";
		};
		D5C154911D38E1FA0031D264 /* 20160715004-Thread-Singleton4(NoGCD)UITests */ = {
			isa = PBXGroup;
			children = (
				D5C154921D38E1FA0031D264 /* _0160715004_Thread_Singleton4_NoGCD_UITests.m */,
				D5C154941D38E1FA0031D264 /* Info.plist */,
			);
			path = "20160715004-Thread-Singleton4(NoGCD)UITests";
			sourceTree = "<group>";
		};
/* End PBXGroup section */

/* Begin PBXNativeTarget section */
		D5C154691D38E1FA0031D264 /* 20160715004-Thread-Singleton4(NoGCD) */ = {
			isa = PBXNativeTarget;
			buildConfigurationList = D5C154971D38E1FA0031D264 /* Build configuration list for PBXNativeTarget "20160715004-Thread-Singleton4(NoGCD)" */;
			buildPhases = (
				D5C154661D38E1FA0031D264 /* Sources */,
				D5C154671D38E1FA0031D264 /* Frameworks */,
				D5C154681D38E1FA0031D264 /* Resources */,
			);
			buildRules = (
			);
			dependencies = (
			);
			name = "20160715004-Thread-Singleton4(NoGCD)";
			productName = "20160715004-Thread-Singleton4(NoGCD)";
			productReference = D5C1546A1D38E1FA0031D264 /* 20160715004-Thread-Singleton4(NoGCD).app */;
			productType = "com.apple.product-type.application";
		};
		D5C154821D38E1FA0031D264 /* 20160715004-Thread-Singleton4(NoGCD)Tests */ = {
			isa = PBXNativeTarget;
			buildConfigurationList = D5C1549A1D38E1FA0031D264 /* Build configuration list for PBXNativeTarget "20160715004-Thread-Singleton4(NoGCD)Tests" */;
			buildPhases = (
				D5C1547F1D38E1FA0031D264 /* Sources */,
				D5C154801D38E1FA0031D264 /* Frameworks */,
				D5C154811D38E1FA0031D264 /* Resources */,
			);
			buildRules = (
			);
			dependencies = (
				D5C154851D38E1FA0031D264 /* PBXTargetDependency */,
			);
			name = "20160715004-Thread-Singleton4(NoGCD)Tests";
			productName = "20160715004-Thread-Singleton4(NoGCD)Tests";
			productReference = D5C154831D38E1FA0031D264 /* 20160715004-Thread-Singleton4(NoGCD)Tests.xctest */;
			productType = "com.apple.product-type.bundle.unit-test";
		};
		D5C1548D1D38E1FA0031D264 /* 20160715004-Thread-Singleton4(NoGCD)UITests */ = {
			isa = PBXNativeTarget;
			buildConfigurationList = D5C1549D1D38E1FA0031D264 /* Build configuration list for PBXNativeTarget "20160715004-Thread-Singleton4(NoGCD)UITests" */;
			buildPhases = (
				D5C1548A1D38E1FA0031D264 /* Sources */,
				D5C1548B1D38E1FA0031D264 /* Frameworks */,
				D5C1548C1D38E1FA0031D264 /* Resources */,
			);
			buildRules = (
			);
			dependencies = (
				D5C154901D38E1FA0031D264 /* PBXTargetDependency */,
			);
			name = "20160715004-Thread-Singleton4(NoGCD)UITests";
			productName = "20160715004-Thread-Singleton4(NoGCD)UITests";
			productReference = D5C1548E1D38E1FA0031D264 /* 20160715004-Thread-Singleton4(NoGCD)UITests.xctest */;
			productType = "com.apple.product-type.bundle.ui-testing";
		};
/* End PBXNativeTarget section */

/* Begin PBXProject section */
		D5C154621D38E1FA0031D264 /* Project object */ = {
			isa = PBXProject;
			attributes = {
				LastUpgradeCheck = 0730;
				ORGANIZATIONNAME = Rainer;
				TargetAttributes = {
					D5C154691D38E1FA0031D264 = {
						CreatedOnToolsVersion = 7.3;
					};
					D5C154821D38E1FA0031D264 = {
						CreatedOnToolsVersion = 7.3;
						TestTargetID = D5C154691D38E1FA0031D264;
					};
					D5C1548D1D38E1FA0031D264 = {
						CreatedOnToolsVersion = 7.3;
						TestTargetID = D5C154691D38E1FA0031D264;
					};
				};
			};
			buildConfigurationList = D5C154651D38E1FA0031D264 /* Build configuration list for PBXProject "20160715004-Thread-Singleton4(NoGCD)" */;
			compatibilityVersion = "Xcode 3.2";
			developmentRegion = English;
			hasScannedForEncodings = 0;
			knownRegions = (
				en,
				Base,
			);
			mainGroup = D5C154611D38E1FA0031D264;
			productRefGroup = D5C1546B1D38E1FA0031D264 /* Products */;
			projectDirPath = "";
			projectRoot = "";
			targets = (
				D5C154691D38E1FA0031D264 /* 20160715004-Thread-Singleton4(NoGCD) */,
				D5C154821D38E1FA0031D264 /* 20160715004-Thread-Singleton4(NoGCD)Tests */,
				D5C1548D1D38E1FA0031D264 /* 20160715004-Thread-Singleton4(NoGCD)UITests */,
			);
		};
/* End PBXProject section */

/* Begin PBXResourcesBuildPhase section */
		D5C154681D38E1FA0031D264 /* Resources */ = {
			isa = PBXResourcesBuildPhase;
			buildActionMask = 2147483647;
			files = (
				D5C1547D1D38E1FA0031D264 /* LaunchScreen.storyboard in Resources */,
				D5C1547A1D38E1FA0031D264 /* Assets.xcassets in Resources */,
				D5C154781D38E1FA0031D264 /* Main.storyboard in Resources */,
			);
			runOnlyForDeploymentPostprocessing = 0;
		};
		D5C154811D38E1FA0031D264 /* Resources */ = {
			isa = PBXResourcesBuildPhase;
			buildActionMask = 2147483647;
			files = (
			);
			runOnlyForDeploymentPostprocessing = 0;
		};
		D5C1548C1D38E1FA0031D264 /* Resources */ = {
			isa = PBXResourcesBuildPhase;
			buildActionMask = 2147483647;
			files = (
			);
			runOnlyForDeploymentPostprocessing = 0;
		};
/* End PBXResourcesBuildPhase section */

/* Begin PBXSourcesBuildPhase section */
		D5C154661D38E1FA0031D264 /* Sources */ = {
			isa = PBXSourcesBuildPhase;
			buildActionMask = 2147483647;
			files = (
				D5C154751D38E1FA0031D264 /* ViewController.m in Sources */,
				D5C154721D38E1FA0031D264 /* AppDelegate.m in Sources */,
				D5C1546F1D38E1FA0031D264 /* main.m in Sources */,
				D5C154A21D38E2150031D264 /* RYPerson.m in Sources */,
			);
			runOnlyForDeploymentPostprocessing = 0;
		};
		D5C1547F1D38E1FA0031D264 /* Sources */ = {
			isa = PBXSourcesBuildPhase;
			buildActionMask = 2147483647;
			files = (
				D5C154881D38E1FA0031D264 /* _0160715004_Thread_Singleton4_NoGCD_Tests.m in Sources */,
			);
			runOnlyForDeploymentPostprocessing = 0;
		};
		D5C1548A1D38E1FA0031D264 /* Sources */ = {
			isa = PBXSourcesBuildPhase;
			buildActionMask = 2147483647;
			files = (
				D5C154931D38E1FA0031D264 /* _0160715004_Thread_Singleton4_NoGCD_UITests.m in Sources */,
			);
			runOnlyForDeploymentPostprocessing = 0;
		};
/* End PBXSourcesBuildPhase section */

/* Begin PBXTargetDependency section */
		D5C154851D38E1FA0031D264 /* PBXTargetDependency */ = {
			isa = PBXTargetDependency;
			target = D5C154691D38E1FA0031D264 /* 20160715004-Thread-Singleton4(NoGCD) */;
			targetProxy = D5C154841D38E1FA0031D264 /* PBXContainerItemProxy */;
		};
		D5C154901D38E1FA0031D264 /* PBXTargetDependency */ = {
			isa = PBXTargetDependency;
			target = D5C154691D38E1FA0031D264 /* 20160715004-Thread-Singleton4(NoGCD) */;
			targetProxy = D5C1548F1D38E1FA0031D264 /* PBXContainerItemProxy */;
		};
/* End PBXTargetDependency section */

/* Begin PBXVariantGroup section */
		D5C154761D38E1FA0031D264 /* Main.storyboard */ = {
			isa = PBXVariantGroup;
			children = (
				D5C154771D38E1FA0031D264 /* Base */,
			);
			name = Main.storyboard;
			sourceTree = "<group>";
		};
		D5C1547B1D38E1FA0031D264 /* LaunchScreen.storyboard */ = {
			isa = PBXVariantGroup;
			children = (
				D5C1547C1D38E1FA0031D264 /* Base */,
			);
			name = LaunchScreen.storyboard;
			sourceTree = "<group>";
		};
/* End PBXVariantGroup section */

/* Begin XCBuildConfiguration section */
		D5C154951D38E1FA0031D264 /* Debug */ = {
			isa = XCBuildConfiguration;
			buildSettings = {
				ALWAYS_SEARCH_USER_PATHS = NO;
				CLANG_ANALYZER_NONNULL = YES;
				CLANG_CXX_LANGUAGE_STANDARD = "gnu++0x";
				CLANG_CXX_LIBRARY = "libc++";
				CLANG_ENABLE_MODULES = YES;
				CLANG_ENABLE_OBJC_ARC = YES;
				CLANG_WARN_BOOL_CONVERSION = YES;
				CLANG_WARN_CONSTANT_CONVERSION = YES;
				CLANG_WARN_DIRECT_OBJC_ISA_USAGE = YES_ERROR;
				CLANG_WARN_EMPTY_BODY = YES;
				CLANG_WARN_ENUM_CONVERSION = YES;
				CLANG_WARN_INT_CONVERSION = YES;
				CLANG_WARN_OBJC_ROOT_CLASS = YES_ERROR;
				CLANG_WARN_UNREACHABLE_CODE = YES;
				CLANG_WARN__DUPLICATE_METHOD_MATCH = YES;
				"CODE_SIGN_IDENTITY[sdk=iphoneos*]" = "iPhone Developer";
				COPY_PHASE_STRIP = NO;
				DEBUG_INFORMATION_FORMAT = dwarf;
				ENABLE_STRICT_OBJC_MSGSEND = YES;
				ENABLE_TESTABILITY = YES;
				GCC_C_LANGUAGE_STANDARD = gnu99;
				GCC_DYNAMIC_NO_PIC = NO;
				GCC_NO_COMMON_BLOCKS = YES;
				GCC_OPTIMIZATION_LEVEL = 0;
				GCC_PREPROCESSOR_DEFINITIONS = (
					"DEBUG=1",
					"$(inherited)",
				);
				GCC_WARN_64_TO_32_BIT_CONVERSION = YES;
				GCC_WARN_ABOUT_RETURN_TYPE = YES_ERROR;
				GCC_WARN_UNDECLARED_SELECTOR = YES;
				GCC_WARN_UNINITIALIZED_AUTOS = YES_AGGRESSIVE;
				GCC_WARN_UNUSED_FUNCTION = YES;
				GCC_WARN_UNUSED_VARIABLE = YES;
				IPHONEOS_DEPLOYMENT_TARGET = 9.3;
				MTL_ENABLE_DEBUG_INFO = YES;
				ONLY_ACTIVE_ARCH = YES;
				SDKROOT = iphoneos;
			};
			name = Debug;
		};
		D5C154961D38E1FA0031D264 /* Release */ = {
			isa = XCBuildConfiguration;
			buildSettings = {
				ALWAYS_SEARCH_USER_PATHS = NO;
				CLANG_ANALYZER_NONNULL = YES;
				CLANG_CXX_LANGUAGE_STANDARD = "gnu++0x";
				CLANG_CXX_LIBRARY = "libc++";
				CLANG_ENABLE_MODULES = YES;
				CLANG_ENABLE_OBJC_ARC = YES;
				CLANG_WARN_BOOL_CONVERSION = YES;
				CLANG_WARN_CONSTANT_CONVERSION = YES;
				CLANG_WARN_DIRECT_OBJC_ISA_USAGE = YES_ERROR;
				CLANG_WARN_EMPTY_BODY = YES;
				CLANG_WARN_ENUM_CONVERSION = YES;
				CLANG_WARN_INT_CONVERSION = YES;
				CLANG_WARN_OBJC_ROOT_CLASS = YES_ERROR;
				CLANG_WARN_UNREACHABLE_CODE = YES;
				CLANG_WARN__DUPLICATE_METHOD_MATCH = YES;
				"CODE_SIGN_IDENTITY[sdk=iphoneos*]" = "iPhone Developer";
				COPY_PHASE_STRIP = NO;
				DEBUG_INFORMATION_FORMAT = "dwarf-with-dsym";
				ENABLE_NS_ASSERTIONS = NO;
				ENABLE_STRICT_OBJC_MSGSEND = YES;
				GCC_C_LANGUAGE_STANDARD = gnu99;
				GCC_NO_COMMON_BLOCKS = YES;
				GCC_WARN_64_TO_32_BIT_CONVERSION = YES;
				GCC_WARN_ABOUT_RETURN_TYPE = YES_ERROR;
				GCC_WARN_UNDECLARED_SELECTOR = YES;
				GCC_WARN_UNINITIALIZED_AUTOS = YES_AGGRESSIVE;
				GCC_WARN_UNUSED_FUNCTION = YES;
				GCC_WARN_UNUSED_VARIABLE = YES;
				IPHONEOS_DEPLOYMENT_TARGET = 9.3;
				MTL_ENABLE_DEBUG_INFO = NO;
				SDKROOT = iphoneos;
				VALIDATE_PRODUCT = YES;
			};
			name = Release;
		};
		D5C154981D38E1FA0031D264 /* Debug */ = {
			isa = XCBuildConfiguration;
			buildSettings = {
				ASSETCATALOG_COMPILER_APPICON_NAME = AppIcon;
				INFOPLIST_FILE = "20160715004-Thread-Singleton4(NoGCD)/Info.plist";
				LD_RUNPATH_SEARCH_PATHS = "$(inherited) @executable_path/Frameworks";
				PRODUCT_BUNDLE_IDENTIFIER = "com.rainer.-0160715004-Thread-Singleton4-NoGCD-";
				PRODUCT_NAME = "$(TARGET_NAME)";
			};
			name = Debug;
		};
		D5C154991D38E1FA0031D264 /* Release */ = {
			isa = XCBuildConfiguration;
			buildSettings = {
				ASSETCATALOG_COMPILER_APPICON_NAME = AppIcon;
				INFOPLIST_FILE = "20160715004-Thread-Singleton4(NoGCD)/Info.plist";
				LD_RUNPATH_SEARCH_PATHS = "$(inherited) @executable_path/Frameworks";
				PRODUCT_BUNDLE_IDENTIFIER = "com.rainer.-0160715004-Thread-Singleton4-NoGCD-";
				PRODUCT_NAME = "$(TARGET_NAME)";
			};
			name = Release;
		};
		D5C1549B1D38E1FA0031D264 /* Debug */ = {
			isa = XCBuildConfiguration;
			buildSettings = {
				BUNDLE_LOADER = "$(TEST_HOST)";
				INFOPLIST_FILE = "20160715004-Thread-Singleton4(NoGCD)Tests/Info.plist";
				LD_RUNPATH_SEARCH_PATHS = "$(inherited) @executable_path/Frameworks @loader_path/Frameworks";
				PRODUCT_BUNDLE_IDENTIFIER = "com.rainer.-0160715004-Thread-Singleton4-NoGCD-Tests";
				PRODUCT_NAME = "$(TARGET_NAME)";
				TEST_HOST = "$(BUILT_PRODUCTS_DIR)/20160715004-Thread-Singleton4(NoGCD).app/20160715004-Thread-Singleton4(NoGCD)";
			};
			name = Debug;
		};
		D5C1549C1D38E1FA0031D264 /* Release */ = {
			isa = XCBuildConfiguration;
			buildSettings = {
				BUNDLE_LOADER = "$(TEST_HOST)";
				INFOPLIST_FILE = "20160715004-Thread-Singleton4(NoGCD)Tests/Info.plist";
				LD_RUNPATH_SEARCH_PATHS = "$(inherited) @executable_path/Frameworks @loader_path/Frameworks";
				PRODUCT_BUNDLE_IDENTIFIER = "com.rainer.-0160715004-Thread-Singleton4-NoGCD-Tests";
				PRODUCT_NAME = "$(TARGET_NAME)";
				TEST_HOST = "$(BUILT_PRODUCTS_DIR)/20160715004-Thread-Singleton4(NoGCD).app/20160715004-Thread-Singleton4(NoGCD)";
			};
			name = Release;
		};
		D5C1549E1D38E1FA0031D264 /* Debug */ = {
			isa = XCBuildConfiguration;
			buildSettings = {
				INFOPLIST_FILE = "20160715004-Thread-Singleton4(NoGCD)UITests/Info.plist";
				LD_RUNPATH_SEARCH_PATHS = "$(inherited) @executable_path/Frameworks @loader_path/Frameworks";
				PRODUCT_BUNDLE_IDENTIFIER = "com.rainer.-0160715004-Thread-Singleton4-NoGCD-UITests";
				PRODUCT_NAME = "$(TARGET_NAME)";
				TEST_TARGET_NAME = "20160715004-Thread-Singleton4(NoGCD)";
			};
			name = Debug;
		};
		D5C1549F1D38E1FA0031D264 /* Release */ = {
			isa = XCBuildConfiguration;
			buildSettings = {
				INFOPLIST_FILE = "20160715004-Thread-Singleton4(NoGCD)UITests/Info.plist";
				LD_RUNPATH_SEARCH_PATHS = "$(inherited) @executable_path/Frameworks @loader_path/Frameworks";
				PRODUCT_BUNDLE_IDENTIFIER = "com.rainer.-0160715004-Thread-Singleton4-NoGCD-UITests";
				PRODUCT_NAME = "$(TARGET_NAME)";
				TEST_TARGET_NAME = "20160715004-Thread-Singleton4(NoGCD)";
			};
			name = Release;
		};
/* End XCBuildConfiguration section */

/* Begin XCConfigurationList section */
		D5C154651D38E1FA0031D264 /* Build configuration list for PBXProject "20160715004-Thread-Singleton4(NoGCD)" */ = {
			isa = XCConfigurationList;
			buildConfigurations = (
				D5C154951D38E1FA0031D264 /* Debug */,
				D5C154961D38E1FA0031D264 /* Release */,
			);
			defaultConfigurationIsVisible = 0;
			defaultConfigurationName = Release;
		};
		D5C154971D38E1FA0031D264 /* Build configuration list for PBXNativeTarget "20160715004-Thread-Singleton4(NoGCD)" */ = {
			isa = XCConfigurationList;
			buildConfigurations = (
				D5C154981D38E1FA0031D264 /* Debug */,
				D5C154991D38E1FA0031D264 /* Release */,
			);
			defaultConfigurationIsVisible = 0;
		};
		D5C1549A1D38E1FA0031D264 /* Build configuration list for PBXNativeTarget "20160715004-Thread-Singleton4(NoGCD)Tests" */ = {
			isa = XCConfigurationList;
			buildConfigurations = (
				D5C1549B1D38E1FA0031D264 /* Debug */,
				D5C1549C1D38E1FA0031D264 /* Release */,
			);
			defaultConfigurationIsVisible = 0;
		};
		D5C1549D1D38E1FA0031D264 /* Build configuration list for PBXNativeTarget "20160715004-Thread-Singleton4(NoGCD)UITests" */ = {
			isa = XCConfigurationList;
			buildConfigurations = (
				D5C1549E1D38E1FA0031D264 /* Debug */,
				D5C1549F1D38E1FA0031D264 /* Release */,
			);
			defaultConfigurationIsVisible = 0;
		};
/* End XCConfigurationList section */
	};
	rootObject = D5C154621D38E1FA0031D264 /* Project object */;
}
